# This file is automatically @generated by Cargo.
# It is not intended for manual editing.
version = 4

[[package]]
name = "lycoris"
version = "0.1.0"

[[package]]
name = "lycoris-daemon"
version = "0.1.0"

[[package]]
name = "lycoris-messenger"
version = "0.1.0"

[[package]]
name = "lycoris-shell"
version = "0.1.0"

[[package]]
name = "lycoris-storage"
version = "0.1.0"

[[package]]
name = "lycoris-web"
version = "0.1.0"
